
Microsoft Visual Studio Solution File, Format Version 12.00
# Visual Studio 15
VisualStudioVersion = 15.0.27004.2008
MinimumVisualStudioVersion = 10.0.40219.1
Project("{8BC9CEB8-8B4A-11D0-8D11-00A0C91BC942}") = "Multiplication-table", "Multiplication-table\Multiplication-table.vcxproj", "{58E85F33-98A6-434F-B4A0-4D614AB1BAEB}"
EndProject
Global
	GlobalSection(SolutionConfigurationPlatforms) = preSolution
		Debug|x64 = Debug|x64
		Debug|x86 = Debug|x86
		Release|x64 = Release|x64
		Release|x86 = Release|x86
	EndGlobalSection
	GlobalSection(ProjectConfigurationPlatforms) = postSolution
		{58E85F33-98A6-434F-B4A0-4D614AB1BAEB}.Debug|x64.ActiveCfg = Debug|x64
		{58E85F33-98A6-434F-B4A0-4D614AB1BAEB}.Debug|x64.Build.0 = Debug|x64
		{58E85F33-98A6-434F-B4A0-4D614AB1BAEB}.Debug|x86.ActiveCfg = Debug|Win32
		{58E85F33-98A6-434F-B4A0-4D614AB1BAEB}.Debug|x86.Build.0 = Debug|Win32
		{58E85F33-98A6-434F-B4A0-4D614AB1BAEB}.Release|x64.ActiveCfg = Release|x64
		{58E85F33-98A6-434F-B4A0-4D614AB1BAEB}.Release|x64.Build.0 = Release|x64
		{58E85F33-98A6-434F-B4A0-4D614AB1BAEB}.Release|x86.ActiveCfg = Release|Win32
		{58E85F33-98A6-434F-B4A0-4D614AB1BAEB}.Release|x86.Build.0 = Release|Win32
	EndGlobalSection
	GlobalSection(SolutionProperties) = preSolution
		HideSolutionNode = FALSE
	EndGlobalSection
	GlobalSection(ExtensibilityGlobals) = postSolution
		SolutionGuid = {4F34983A-2BD2-4659-82E3-E49986DCEE21}
	EndGlobalSection
EndGlobal
